
Microsoft Visual Studio Solution File, Format Version 12.00
# Visual Studio Version 17
VisualStudioVersion = 17.6.33712.159
MinimumVisualStudioVersion = 10.0.40219.1
Project("{FAE04EC0-301F-11D3-BF4B-00C04F79EFBC}") = "Storage", "Storage\Storage.csproj", "{515CB230-60F8-46F1-A4CE-275522F4A4CF}"
EndProject
Project("{FAE04EC0-301F-11D3-BF4B-00C04F79EFBC}") = "Tests", "Tests\Tests.csproj", "{B4EFD377-1801-4415-B94C-F8EBA75CC597}"
EndProject
Global
	GlobalSection(SolutionConfigurationPlatforms) = preSolution
		Debug|Any CPU = Debug|Any CPU
		Release|Any CPU = Release|Any CPU
	EndGlobalSection
	GlobalSection(ProjectConfigurationPlatforms) = postSolution
		{515CB230-60F8-46F1-A4CE-275522F4A4CF}.Debug|Any CPU.ActiveCfg = Debug|Any CPU
		{515CB230-60F8-46F1-A4CE-275522F4A4CF}.Debug|Any CPU.Build.0 = Debug|Any CPU
		{515CB230-60F8-46F1-A4CE-275522F4A4CF}.Release|Any CPU.ActiveCfg = Release|Any CPU
		{515CB230-60F8-46F1-A4CE-275522F4A4CF}.Release|Any CPU.Build.0 = Release|Any CPU
		{B4EFD377-1801-4415-B94C-F8EBA75CC597}.Debug|Any CPU.ActiveCfg = Debug|Any CPU
		{B4EFD377-1801-4415-B94C-F8EBA75CC597}.Debug|Any CPU.Build.0 = Debug|Any CPU
		{B4EFD377-1801-4415-B94C-F8EBA75CC597}.Release|Any CPU.ActiveCfg = Release|Any CPU
		{B4EFD377-1801-4415-B94C-F8EBA75CC597}.Release|Any CPU.Build.0 = Release|Any CPU
	EndGlobalSection
	GlobalSection(SolutionProperties) = preSolution
		HideSolutionNode = FALSE
	EndGlobalSection
	GlobalSection(ExtensibilityGlobals) = postSolution
		SolutionGuid = {B3F88BFE-2BB9-4CA0-943D-6F165D88FB9A}
	EndGlobalSection
EndGlobal
